
Microsoft Visual Studio Solution File, Format Version 12.00
# Visual Studio 2013
VisualStudioVersion = 12.0.21005.1
MinimumVisualStudioVersion = 10.0.40219.1
Project("{FAE04EC0-301F-11D3-BF4B-00C04F79EFBC}") = "SistemaManualPuestosV0.1", "SistemaManualPuestosV0.1\SistemaManualPuestosV0.1.csproj", "{D7F2C1D6-7B83-4798-A6C9-040B2AB5F4A1}"
EndProject
Project("{159641D6-6404-4A2A-AE62-294DE0FE8301}") = "CargaMaestroPuestos", "..\..\CargaMaestroPuestos\CargaMaestroPuestos\CargaMaestroPuestos.dtproj", "{AFC44D0F-C7ED-41B7-8D03-E306370319BB}"
EndProject
Global
	GlobalSection(SolutionConfigurationPlatforms) = preSolution
		Debug|Any CPU = Debug|Any CPU
		Development|Any CPU = Development|Any CPU
		Release|Any CPU = Release|Any CPU
	EndGlobalSection
	GlobalSection(ProjectConfigurationPlatforms) = postSolution
		{D7F2C1D6-7B83-4798-A6C9-040B2AB5F4A1}.Debug|Any CPU.ActiveCfg = Debug|Any CPU
		{D7F2C1D6-7B83-4798-A6C9-040B2AB5F4A1}.Debug|Any CPU.Build.0 = Debug|Any CPU
		{D7F2C1D6-7B83-4798-A6C9-040B2AB5F4A1}.Development|Any CPU.ActiveCfg = Debug|Any CPU
		{D7F2C1D6-7B83-4798-A6C9-040B2AB5F4A1}.Development|Any CPU.Build.0 = Debug|Any CPU
		{D7F2C1D6-7B83-4798-A6C9-040B2AB5F4A1}.Release|Any CPU.ActiveCfg = Release|Any CPU
		{D7F2C1D6-7B83-4798-A6C9-040B2AB5F4A1}.Release|Any CPU.Build.0 = Release|Any CPU
		{AFC44D0F-C7ED-41B7-8D03-E306370319BB}.Debug|Any CPU.ActiveCfg = Development
		{AFC44D0F-C7ED-41B7-8D03-E306370319BB}.Debug|Any CPU.Build.0 = Development
		{AFC44D0F-C7ED-41B7-8D03-E306370319BB}.Development|Any CPU.ActiveCfg = Development
		{AFC44D0F-C7ED-41B7-8D03-E306370319BB}.Development|Any CPU.Build.0 = Development
		{AFC44D0F-C7ED-41B7-8D03-E306370319BB}.Release|Any CPU.ActiveCfg = Development
		{AFC44D0F-C7ED-41B7-8D03-E306370319BB}.Release|Any CPU.Build.0 = Development
	EndGlobalSection
	GlobalSection(SolutionProperties) = preSolution
		HideSolutionNode = FALSE
	EndGlobalSection
EndGlobal
